
Microsoft Visual Studio Solution File, Format Version 12.00
# Visual Studio Version 17
VisualStudioVersion = 17.11.35327.3
MinimumVisualStudioVersion = 10.0.40219.1
Project("{8BC9CEB8-8B4A-11D0-8D11-00A0C91BC942}") = "Задание10_1_ПиРВ", "Задание10_1_ПиРВ\Задание10_1_ПиРВ.vcxproj", "{2E949A60-CED9-4A38-9D94-55DA3FDF3633}"
EndProject
Global
	GlobalSection(SolutionConfigurationPlatforms) = preSolution
		Debug|x64 = Debug|x64
		Debug|x86 = Debug|x86
		Release|x64 = Release|x64
		Release|x86 = Release|x86
	EndGlobalSection
	GlobalSection(ProjectConfigurationPlatforms) = postSolution
		{2E949A60-CED9-4A38-9D94-55DA3FDF3633}.Debug|x64.ActiveCfg = Debug|x64
		{2E949A60-CED9-4A38-9D94-55DA3FDF3633}.Debug|x64.Build.0 = Debug|x64
		{2E949A60-CED9-4A38-9D94-55DA3FDF3633}.Debug|x86.ActiveCfg = Debug|Win32
		{2E949A60-CED9-4A38-9D94-55DA3FDF3633}.Debug|x86.Build.0 = Debug|Win32
		{2E949A60-CED9-4A38-9D94-55DA3FDF3633}.Release|x64.ActiveCfg = Release|x64
		{2E949A60-CED9-4A38-9D94-55DA3FDF3633}.Release|x64.Build.0 = Release|x64
		{2E949A60-CED9-4A38-9D94-55DA3FDF3633}.Release|x86.ActiveCfg = Release|Win32
		{2E949A60-CED9-4A38-9D94-55DA3FDF3633}.Release|x86.Build.0 = Release|Win32
	EndGlobalSection
	GlobalSection(SolutionProperties) = preSolution
		HideSolutionNode = FALSE
	EndGlobalSection
	GlobalSection(ExtensibilityGlobals) = postSolution
		SolutionGuid = {F4B1A14E-F5DF-432F-AF0C-FABC4CFF56C5}
	EndGlobalSection
EndGlobal
